github.com/DATA-DOG/go-sqlmock v1.5.2 h1:OcvFkGmslmlZibjAjaHm3L//6LiuBgolP7OputlJIzU=
github.com/DATA-DOG/go-sqlmock v1.5.2/go.mod h1:88MAG/4G7SMwSE3CeA0ZKzrT5CiOU3OJ+JlNzwDqpNU=
github.com/go-rod/rod v0.116.2 h1:A5t2Ky2A+5eD/ZJQr1EfsQSe5rms5Xof/qj296e+ZqA=
github.com/go-rod/rod v0.116.2/go.mod h1:H+CMO9SCNc2TJ2WfrG+pKhITz57uGNYU43qYHh438Mg=
github.com/golang-jwt/jwt/v5 v5.3.1 h1:kYf81DTWFe7t+1VvL7eS+jKFVWaUnK9cB1qbwn63YCY=
github.com/golang-jwt/jwt/v5 v5.3.1/go.mod h1:fxCRLWMO43lRc8nhHWY6LGqRcf+1gQWArsqaEUEa5bE=
github.com/kisielk/sqlstruct v0.0.0-20201105191214-5f3e10d3ab46/go.mod h1:yyMNCyc/Ib3bDTKd379tNMpB/7/H5TjM2Y9QJ5THLbE=
github.com/ledongthuc/pdf v0.0.0-20250511090121-5959a4027728 h1:QwWKgMY28TAXaDl+ExRDqGQltzXqN/xypdKP86niVn8=
github.com/ledongthuc/pdf v0.0.0-20250511090121-5959a4027728/go.mod h1:1fEHWurg7pvf5SG6XNE5Q8UZmOwex51Mkx3SLhrW5B4=
github.com/lib/pq v1.10.9 h1:YXG7RB+JIjhP29X+OtkiDnYaXQwpS4JEWq7dtCCRUEw=
github.com/lib/pq v1.10.9/go.mod h1:AlVN5x4E4T544tWzH6hKfbfQvm3HdbOxrmggDNAPY9o=
github.com/pgvector/pgvector-go v0.4.0 h1:879hQCnuix1bkfa5TQISnnK9ik4Fo+cHj2vuZSgW5v4=
github.com/pgvector/pgvector-go v0.4.0/go.mod h1:4fSXyjl1TYAIdByAql6JazKWRr2s7J0g4hcRY5cBFCk=
github.com/ysmood/fetchup v0.2.3 h1:ulX+SonA0Vma5zUFXtv52Kzip/xe7aj4vqT5AJwQ+ZQ=
github.com/ysmood/fetchup v0.2.3/go.mod h1:xhibcRKziSvol0H1/pj33dnKrYyI2ebIvz5cOOkYGns=
github.com/ysmood/goob v0.4.0 h1:HsxXhyLBeGzWXnqVKtmT9qM7EuVs/XOgkX7T6r1o1AQ=
github.com/ysmood/goob v0.4.0/go.mod h1:u6yx7ZhS4Exf2MwciFr6nIM8knHQIE22lFpWHnfql18=
github.com/ysmood/got v0.40.0 h1:ZQk1B55zIvS7zflRrkGfPDrPG3d7+JOza1ZkNxcc74Q=
github.com/ysmood/got v0.40.0/go.mod h1:W7DdpuX6skL3NszLmAsC5hT7JAhuLZhByVzHTq874Qg=
github.com/ysmood/gotrace v0.6.0/go.mod h1:TzhIG7nHDry5//eYZDYcTzuJLYQIkykJzCRIo4/dzQM=
github.com/ysmood/gson v0.7.3 h1:QFkWbTH8MxyUTKPkVWAENJhxqdBa4lYTQWqZCiLG6kE=
github.com/ysmood/gson v0.7.3/go.mod h1:3Kzs5zDl21g5F/BlLTNcuAGAYLKt2lV5G8D1zF3RNmg=
github.com/ysmood/leakless v0.9.0 h1:qxCG5VirSBvmi3uynXFkcnLMzkphdh3xx5FtrORwDCU=
github.com/ysmood/leakless v0.9.0/go.mod h1:R8iAXPRaG97QJwqxs74RdwzcRHT1SWCGTNqY8q0JvMQ=
